
Microsoft Visual Studio Solution File, Format Version 12.00
# Visual Studio Version 16
VisualStudioVersion = 16.0.32002.261
MinimumVisualStudioVersion = 10.0.40219.1
Project("{FAE04EC0-301F-11D3-BF4B-00C04F79EFBC}") = "WebApplication1", "WebApplication1.csproj", "{96594C70-4150-4456-9BB3-8759B909B195}"
EndProject
Global
	GlobalSection(SolutionConfigurationPlatforms) = preSolution
		Debug|Any CPU = Debug|Any CPU
		Release|Any CPU = Release|Any CPU
	EndGlobalSection
	GlobalSection(ProjectConfigurationPlatforms) = postSolution
		{96594C70-4150-4456-9BB3-8759B909B195}.Debug|Any CPU.ActiveCfg = Debug|Any CPU
		{96594C70-4150-4456-9BB3-8759B909B195}.Debug|Any CPU.Build.0 = Debug|Any CPU
		{96594C70-4150-4456-9BB3-8759B909B195}.Release|Any CPU.ActiveCfg = Release|Any CPU
		{96594C70-4150-4456-9BB3-8759B909B195}.Release|Any CPU.Build.0 = Release|Any CPU
	EndGlobalSection
	GlobalSection(SolutionProperties) = preSolution
		HideSolutionNode = FALSE
	EndGlobalSection
	GlobalSection(ExtensibilityGlobals) = postSolution
		SolutionGuid = {50D07CBF-E5F4-4CCB-BB5D-92E9DE46F5A8}
	EndGlobalSection
EndGlobal
